PODS:
  - AWSCognito (2.5.6):
    - AWSCore (= 2.5.6)
  - AWSCognitoIdentityProvider (2.5.6):
    - AWSCore (= 2.5.6)
  - AWSCore (2.5.6)
  - AWSS3 (2.5.6):
    - AWSCore (= 2.5.6)
  - ChameleonFramework/Default (2.1.0)
  - ChameleonFramework/Swift (2.1.0):
    - ChameleonFramework/Default
  - NVActivityIndicatorView (3.6.1)
  - ObjcExceptionBridging (1.0.1):
    - ObjcExceptionBridging/ObjcExceptionBridging (= 1.0.1)
  - ObjcExceptionBridging/ObjcExceptionBridging (1.0.1)
  - ReachabilitySwift (3)
  - XCGLogger (5.0.1):
    - XCGLogger/Core (= 5.0.1)
  - XCGLogger/Core (5.0.1):
    - ObjcExceptionBridging

DEPENDENCIES:
  - AWSCognito
  - AWSCognitoIdentityProvider
  - AWSCore
  - AWSS3
  - ChameleonFramework/Swift (from `https://github.com/ViccAlexander/Chameleon.git`)
  - NVActivityIndicatorView
  - ReachabilitySwift
  - XCGLogger

EXTERNAL SOURCES:
  ChameleonFramework:
    :git: https://github.com/ViccAlexander/Chameleon.git

CHECKOUT OPTIONS:
  ChameleonFramework:
    :commit: acc480fbe023c6e5fe40f68593f4a70a8c4c7ad5
    :git: https://github.com/ViccAlexander/Chameleon.git

SPEC CHECKSUMS:
  AWSCognito: 18edcf80780d45229371dc954c77c825c617f9c4
  AWSCognitoIdentityProvider: 44b0e11aea801bb7dbe810a7f2cf21374d8e225b
  AWSCore: 47109d026cdbc1272624caa73114fbdd2ba3ad66
  AWSS3: 5ba117abcbf766c4ec405b255c51dbf8bbc588ce
  ChameleonFramework: d21a3cc247abfe5e37609a283a8238b03575cf64
  NVActivityIndicatorView: 9f52a7f84bf5c6a798722c450fe3c198e01c56ed
  ObjcExceptionBridging: c30e00eb3700467e695faeea30e26e18bd445001
  ReachabilitySwift: f5b9bb30a0777fac8f09ce8b067e32faeb29bb64
  XCGLogger: 0b43697155d41e4a1b15fc776f319c2141646b09

PODFILE CHECKSUM: 3a05b777bc888b750540c18d8f9591b525dd62f5

COCOAPODS: 1.2.0.beta.3
